
Microsoft Visual Studio Solution File, Format Version 12.00
# Visual Studio Version 17
VisualStudioVersion = 17.14.36203.30 d17.14
MinimumVisualStudioVersion = 10.0.40219.1
Project("{FAE04EC0-301F-11D3-BF4B-00C04F79EFBC}") = "My Vault GUI", "My Vault GUI.csproj", "{319E7840-7454-467D-8061-F10ACFFF09EB}"
EndProject
Project("{FAE04EC0-301F-11D3-BF4B-00C04F79EFBC}") = "My vault BLL", "..\My vault BLL\My vault BLL.csproj", "{811611A1-773E-4B33-93D6-E6E59463386C}"
EndProject
Project("{FAE04EC0-301F-11D3-BF4B-00C04F79EFBC}") = "My Vault DAL", "..\My Vault DAL\My Vault DAL.csproj", "{002EF198-CF14-45B9-8B8C-C3E664E0BF7C}"
EndProject
Global
	GlobalSection(SolutionConfigurationPlatforms) = preSolution
		Debug|Any CPU = Debug|Any CPU
		Release|Any CPU = Release|Any CPU
	EndGlobalSection
	GlobalSection(ProjectConfigurationPlatforms) = postSolution
		{319E7840-7454-467D-8061-F10ACFFF09EB}.Debug|Any CPU.ActiveCfg = Debug|Any CPU
		{319E7840-7454-467D-8061-F10ACFFF09EB}.Debug|Any CPU.Build.0 = Debug|Any CPU
		{319E7840-7454-467D-8061-F10ACFFF09EB}.Release|Any CPU.ActiveCfg = Release|Any CPU
		{319E7840-7454-467D-8061-F10ACFFF09EB}.Release|Any CPU.Build.0 = Release|Any CPU
		{811611A1-773E-4B33-93D6-E6E59463386C}.Debug|Any CPU.ActiveCfg = Debug|Any CPU
		{811611A1-773E-4B33-93D6-E6E59463386C}.Debug|Any CPU.Build.0 = Debug|Any CPU
		{811611A1-773E-4B33-93D6-E6E59463386C}.Release|Any CPU.ActiveCfg = Release|Any CPU
		{811611A1-773E-4B33-93D6-E6E59463386C}.Release|Any CPU.Build.0 = Release|Any CPU
		{002EF198-CF14-45B9-8B8C-C3E664E0BF7C}.Debug|Any CPU.ActiveCfg = Debug|Any CPU
		{002EF198-CF14-45B9-8B8C-C3E664E0BF7C}.Debug|Any CPU.Build.0 = Debug|Any CPU
		{002EF198-CF14-45B9-8B8C-C3E664E0BF7C}.Release|Any CPU.ActiveCfg = Release|Any CPU
		{002EF198-CF14-45B9-8B8C-C3E664E0BF7C}.Release|Any CPU.Build.0 = Release|Any CPU
	EndGlobalSection
	GlobalSection(SolutionProperties) = preSolution
		HideSolutionNode = FALSE
	EndGlobalSection
	GlobalSection(ExtensibilityGlobals) = postSolution
		SolutionGuid = {0F470173-3487-4BAE-AF35-4208D8068310}
	EndGlobalSection
EndGlobal
